// !$*UTF8*$!
{
	archiveVersion = 1;
	classes = {
	};
	objectVersion = 46;
	objects = {

/* Begin PBXBuildFile section */
		4940B30C1C04BF3C000524A0 /* AppDelegate.swift in Sources */ = {isa = PBXBuildFile; fileRef = 4940B30B1C04BF3C000524A0 /* AppDelegate.swift */; };
		4940B30E1C04BF3C000524A0 /* ViewController.swift in Sources */ = {isa = PBXBuildFile; fileRef = 4940B30D1C04BF3C000524A0 /* ViewController.swift */; };
		4940B3111C04BF3C000524A0 /* Main.storyboard in Resources */ = {isa = PBXBuildFile; fileRef = 4940B30F1C04BF3C000524A0 /* Main.storyboard */; };
		4940B3131C04BF3C000524A0 /* Assets.xcassets in Resources */ = {isa = PBXBuildFile; fileRef = 4940B3121C04BF3C000524A0 /* Assets.xcassets */; };
		4940B3161C04BF3C000524A0 /* LaunchScreen.storyboard in Resources */ = {isa = PBXBuildFile; fileRef = 4940B3141C04BF3C000524A0 /* LaunchScreen.storyboard */; };
		4940B3201C04BF7F000524A0 /* LinkLabel.swift in Sources */ = {isa = PBXBuildFile; fileRef = 4940B31E1C04BF7F000524A0 /* LinkLabel.swift */; };
		4940B3211C04BF7F000524A0 /* TouchGestureRecognizer.swift in Sources */ = {isa = PBXBuildFile; fileRef = 4940B31F1C04BF7F000524A0 /* TouchGestureRecognizer.swift */; };
		4940B3261C04C00F000524A0 /* UIGestureRecognizer+UILabel.swift in Sources */ = {isa = PBXBuildFile; fileRef = 4940B3251C04C00F000524A0 /* UIGestureRecognizer+UILabel.swift */; };
		4940B3281C04C02B000524A0 /* NSMutableAttributedString+RemoveAttributes.swift in Sources */ = {isa = PBXBuildFile; fileRef = 4940B3271C04C02B000524A0 /* NSMutableAttributedString+RemoveAttributes.swift */; };
		9BBA120B1FB494820066F093 /* README.md in Resources */ = {isa = PBXBuildFile; fileRef = 9BBA120A1FB494820066F093 /* README.md */; };
/* End PBXBuildFile section */

/* Begin PBXFileReference section */
		4940B3081C04BF3C000524A0 /* LinkLabelDemo.app */ = {isa = PBXFileReference; explicitFileType = wrapper.application; includeInIndex = 0; path = LinkLabelDemo.app; sourceTree = BUILT_PRODUCTS_DIR; };
		4940B30B1C04BF3C000524A0 /* AppDelegate.swift */ = {isa = PBXFileReference; lastKnownFileType = sourcecode.swift; path = AppDelegate.swift; sourceTree = "<group>"; };
		4940B30D1C04BF3C000524A0 /* ViewController.swift */ = {isa = PBXFileReference; lastKnownFileType = sourcecode.swift; path = ViewController.swift; sourceTree = "<group>"; };
		4940B3101C04BF3C000524A0 /* Base */ = {isa = PBXFileReference; lastKnownFileType = file.storyboard; name = Base; path = Base.lproj/Main.storyboard; sourceTree = "<group>"; };
		4940B3121C04BF3C000524A0 /* Assets.xcassets */ = {isa = PBXFileReference; lastKnownFileType = folder.assetcatalog; path = Assets.xcassets; sourceTree = "<group>"; };
		4940B3151C04BF3C000524A0 /* Base */ = {isa = PBXFileReference; lastKnownFileType = file.storyboard; name = Base; path = Base.lproj/LaunchScreen.storyboard; sourceTree = "<group>"; };
		4940B3171C04BF3C000524A0 /* Info.plist */ = {isa = PBXFileReference; lastKnownFileType = text.plist.xml; path = Info.plist; sourceTree = "<group>"; };
		4940B31E1C04BF7F000524A0 /* LinkLabel.swift */ = {isa = PBXFileReference; fileEncoding = 4; lastKnownFileType = sourcecode.swift; name = LinkLabel.swift; path = Source/LinkLabel.swift; sourceTree = SOURCE_ROOT; };
		4940B31F1C04BF7F000524A0 /* TouchGestureRecognizer.swift */ = {isa = PBXFileReference; fileEncoding = 4; lastKnownFileType = sourcecode.swift; name = TouchGestureRecognizer.swift; path = Source/TouchGestureRecognizer.swift; sourceTree = SOURCE_ROOT; };
		4940B3251C04C00F000524A0 /* UIGestureRecognizer+UILabel.swift */ = {isa = PBXFileReference; fileEncoding = 4; lastKnownFileType = sourcecode.swift; name = "UIGestureRecognizer+UILabel.swift"; path = "Source/UIGestureRecognizer+UILabel.swift"; sourceTree = SOURCE_ROOT; };
		4940B3271C04C02B000524A0 /* NSMutableAttributedString+RemoveAttributes.swift */ = {isa = PBXFileReference; fileEncoding = 4; lastKnownFileType = sourcecode.swift; name = "NSMutableAttributedString+RemoveAttributes.swift"; path = "Source/NSMutableAttributedString+RemoveAttributes.swift"; sourceTree = SOURCE_ROOT; };
		9BBA120A1FB494820066F093 /* README.md */ = {isa = PBXFileReference; fileEncoding = 4; lastKnownFileType = net.daringfireball.markdown; path = README.md; sourceTree = "<group>"; };
/* End PBXFileReference section */

/* Begin PBXFrameworksBuildPhase section */
		4940B3051C04BF3C000524A0 /* Frameworks */ = {
			isa = PBXFrameworksBuildPhase;
			buildActionMask = 2147483647;
			files = (
			);
			runOnlyForDeploymentPostprocessing = 0;
		};
/* End PBXFrameworksBuildPhase section */

/* Begin PBXGroup section */
		4940B2FF1C04BF3C000524A0 = {
			isa = PBXGroup;
			children = (
				9BBA120A1FB494820066F093 /* README.md */,
				4940B30A1C04BF3C000524A0 /* LinkLabelDemo */,
				4940B3091C04BF3C000524A0 /* Products */,
			);
			sourceTree = "<group>";
		};
		4940B3091C04BF3C000524A0 /* Products */ = {
			isa = PBXGroup;
			children = (
				4940B3081C04BF3C000524A0 /* LinkLabelDemo.app */,
			);
			name = Products;
			sourceTree = "<group>";
		};
		4940B30A1C04BF3C000524A0 /* LinkLabelDemo */ = {
			isa = PBXGroup;
			children = (
				4940B31D1C04BF79000524A0 /* LinkLabel */,
				4940B30B1C04BF3C000524A0 /* AppDelegate.swift */,
				4940B30D1C04BF3C000524A0 /* ViewController.swift */,
				4940B30F1C04BF3C000524A0 /* Main.storyboard */,
				4940B3121C04BF3C000524A0 /* Assets.xcassets */,
				4940B3141C04BF3C000524A0 /* LaunchScreen.storyboard */,
				4940B3171C04BF3C000524A0 /* Info.plist */,
			);
			path = LinkLabelDemo;
			sourceTree = "<group>";
		};
		4940B31D1C04BF79000524A0 /* LinkLabel */ = {
			isa = PBXGroup;
			children = (
				4940B31E1C04BF7F000524A0 /* LinkLabel.swift */,
				4940B31F1C04BF7F000524A0 /* TouchGestureRecognizer.swift */,
				4940B3251C04C00F000524A0 /* UIGestureRecognizer+UILabel.swift */,
				4940B3271C04C02B000524A0 /* NSMutableAttributedString+RemoveAttributes.swift */,
			);
			name = LinkLabel;
			sourceTree = "<group>";
		};
/* End PBXGroup section */

/* Begin PBXNativeTarget section */
		4940B3071C04BF3C000524A0 /* LinkLabelDemo */ = {
			isa = PBXNativeTarget;
			buildConfigurationList = 4940B31A1C04BF3C000524A0 /* Build configuration list for PBXNativeTarget "LinkLabelDemo" */;
			buildPhases = (
				4940B3041C04BF3C000524A0 /* Sources */,
				4940B3051C04BF3C000524A0 /* Frameworks */,
				4940B3061C04BF3C000524A0 /* Resources */,
			);
			buildRules = (
			);
			dependencies = (
			);
			name = LinkLabelDemo;
			productName = LinkLabelDemo;
			productReference = 4940B3081C04BF3C000524A0 /* LinkLabelDemo.app */;
			productType = "com.apple.product-type.application";
		};
/* End PBXNativeTarget section */

/* Begin PBXProject section */
		4940B3001C04BF3C000524A0 /* Project object */ = {
			isa = PBXProject;
			attributes = {
				LastSwiftUpdateCheck = 0710;
				LastUpgradeCheck = 1020;
				ORGANIZATIONNAME = "Project Dent";
				TargetAttributes = {
					4940B3071C04BF3C000524A0 = {
						CreatedOnToolsVersion = 7.1;
						DevelopmentTeam = 2Z7R9FQBNN;
						LastSwiftMigration = 0910;
					};
				};
			};
			buildConfigurationList = 4940B3031C04BF3C000524A0 /* Build configuration list for PBXProject "LinkLabelDemo" */;
			compatibilityVersion = "Xcode 3.2";
			developmentRegion = en;
			hasScannedForEncodings = 0;
			knownRegions = (
				en,
				Base,
			);
			mainGroup = 4940B2FF1C04BF3C000524A0;
			productRefGroup = 4940B3091C04BF3C000524A0 /* Products */;
			projectDirPath = "";
			projectRoot = "";
			targets = (
				4940B3071C04BF3C000524A0 /* LinkLabelDemo */,
			);
		};
/* End PBXProject section */

/* Begin PBXResourcesBuildPhase section */
		4940B3061C04BF3C000524A0 /* Resources */ = {
			isa = PBXResourcesBuildPhase;
			buildActionMask = 2147483647;
			files = (
				4940B3161C04BF3C000524A0 /* LaunchScreen.storyboard in Resources */,
				4940B3131C04BF3C000524A0 /* Assets.xcassets in Resources */,
				9BBA120B1FB494820066F093 /* README.md in Resources */,
				4940B3111C04BF3C000524A0 /* Main.storyboard in Resources */,
			);
			runOnlyForDeploymentPostprocessing = 0;
		};
/* End PBXResourcesBuildPhase section */

/* Begin PBXSourcesBuildPhase section */
		4940B3041C04BF3C000524A0 /* Sources */ = {
			isa = PBXSourcesBuildPhase;
			buildActionMask = 2147483647;
			files = (
				4940B3201C04BF7F000524A0 /* LinkLabel.swift in Sources */,
				4940B3211C04BF7F000524A0 /* TouchGestureRecognizer.swift in Sources */,
				4940B30E1C04BF3C000524A0 /* ViewController.swift in Sources */,
				4940B3281C04C02B000524A0 /* NSMutableAttributedString+RemoveAttributes.swift in Sources */,
				4940B3261C04C00F000524A0 /* UIGestureRecognizer+UILabel.swift in Sources */,
				4940B30C1C04BF3C000524A0 /* AppDelegate.swift in Sources */,
			);
			runOnlyForDeploymentPostprocessing = 0;
		};
/* End PBXSourcesBuildPhase section */

/* Begin PBXVariantGroup section */
		4940B30F1C04BF3C000524A0 /* Main.storyboard */ = {
			isa = PBXVariantGroup;
			children = (
				4940B3101C04BF3C000524A0 /* Base */,
			);
			name = Main.storyboard;
			sourceTree = "<group>";
		};
		4940B3141C04BF3C000524A0 /* LaunchScreen.storyboard */ = {
			isa = PBXVariantGroup;
			children = (
				4940B3151C04BF3C000524A0 /* Base */,
			);
			name = LaunchScreen.storyboard;
			sourceTree = "<group>";
		};
/* End PBXVariantGroup section */

/* Begin XCBuildConfiguration section */
		4940B3181C04BF3C000524A0 /* Debug */ = {
			isa = XCBuildConfiguration;
			buildSettings = {
				ALWAYS_SEARCH_USER_PATHS = NO;
				CLANG_ANALYZER_LOCALIZABILITY_NONLOCALIZED = YES;
				CLANG_CXX_LANGUAGE_STANDARD = "gnu++0x";
				CLANG_CXX_LIBRARY = "libc++";
				CLANG_ENABLE_MODULES = YES;
				CLANG_ENABLE_OBJC_ARC = YES;
				CLANG_WARN_BLOCK_CAPTURE_AUTORELEASING = YES;
				CLANG_WARN_BOOL_CONVERSION = YES;
				CLANG_WARN_COMMA = YES;
				CLANG_WARN_CONSTANT_CONVERSION = YES;
				CLANG_WARN_DEPRECATED_OBJC_IMPLEMENTATIONS = YES;
				CLANG_WARN_DIRECT_OBJC_ISA_USAGE = YES_ERROR;
				CLANG_WARN_EMPTY_BODY = YES;
				CLANG_WARN_ENUM_CONVERSION = YES;
				CLANG_WARN_INFINITE_RECURSION = YES;
				CLANG_WARN_INT_CONVERSION = YES;
				CLANG_WARN_NON_LITERAL_NULL_CONVERSION = YES;
				CLANG_WARN_OBJC_IMPLICIT_RETAIN_SELF = YES;
				CLANG_WARN_OBJC_LITERAL_CONVERSION = YES;
				CLANG_WARN_OBJC_ROOT_CLASS = YES_ERROR;
				CLANG_WARN_RANGE_LOOP_ANALYSIS = YES;
				CLANG_WARN_STRICT_PROTOTYPES = YES;
				CLANG_WARN_SUSPICIOUS_MOVE = YES;
				CLANG_WARN_UNREACHABLE_CODE = YES;
				CLANG_WARN__DUPLICATE_METHOD_MATCH = YES;
				"CODE_SIGN_IDENTITY[sdk=iphoneos*]" = "iPhone Developer";
				COPY_PHASE_STRIP = NO;
				DEBUG_INFORMATION_FORMAT = dwarf;
				ENABLE_STRICT_OBJC_MSGSEND = YES;
				ENABLE_TESTABILITY = YES;
				GCC_C_LANGUAGE_STANDARD = gnu99;
				GCC_DYNAMIC_NO_PIC = NO;
				GCC_NO_COMMON_BLOCKS = YES;
				GCC_OPTIMIZATION_LEVEL = 0;
				GCC_PREPROCESSOR_DEFINITIONS = (
					"DEBUG=1",
					"$(inherited)",
				);
				GCC_WARN_64_TO_32_BIT_CONVERSION = YES;
				GCC_WARN_ABOUT_RETURN_TYPE = YES_ERROR;
				GCC_WARN_UNDECLARED_SELECTOR = YES;
				GCC_WARN_UNINITIALIZED_AUTOS = YES_AGGRESSIVE;
				GCC_WARN_UNUSED_FUNCTION = YES;
				GCC_WARN_UNUSED_VARIABLE = YES;
				IPHONEOS_DEPLOYMENT_TARGET = 9.1;
				MTL_ENABLE_DEBUG_INFO = YES;
				ONLY_ACTIVE_ARCH = YES;
				SDKROOT = iphoneos;
				SWIFT_OPTIMIZATION_LEVEL = "-Onone";
				SWIFT_SWIFT3_OBJC_INFERENCE = Default;
				SWIFT_VERSION = 5.0;
				TARGETED_DEVICE_FAMILY = "1,2";
			};
			name = Debug;
		};
		4940B3191C04BF3C000524A0 /* Release */ = {
			isa = XCBuildConfiguration;
			buildSettings = {
				ALWAYS_SEARCH_USER_PATHS = NO;
				CLANG_ANALYZER_LOCALIZABILITY_NONLOCALIZED = YES;
				CLANG_CXX_LANGUAGE_STANDARD = "gnu++0x";
				CLANG_CXX_LIBRARY = "libc++";
				CLANG_ENABLE_MODULES = YES;
				CLANG_ENABLE_OBJC_ARC = YES;
				CLANG_WARN_BLOCK_CAPTURE_AUTORELEASING = YES;
				CLANG_WARN_BOOL_CONVERSION = YES;
				CLANG_WARN_COMMA = YES;
				CLANG_WARN_CONSTANT_CONVERSION = YES;
				CLANG_WARN_DEPRECATED_OBJC_IMPLEMENTATIONS = YES;
				CLANG_WARN_DIRECT_OBJC_ISA_USAGE = YES_ERROR;
				CLANG_WARN_EMPTY_BODY = YES;
				CLANG_WARN_ENUM_CONVERSION = YES;
				CLANG_WARN_INFINITE_RECURSION = YES;
				CLANG_WARN_INT_CONVERSION = YES;
				CLANG_WARN_NON_LITERAL_NULL_CONVERSION = YES;
				CLANG_WARN_OBJC_IMPLICIT_RETAIN_SELF = YES;
				CLANG_WARN_OBJC_LITERAL_CONVERSION = YES;
				CLANG_WARN_OBJC_ROOT_CLASS = YES_ERROR;
				CLANG_WARN_RANGE_LOOP_ANALYSIS = YES;
				CLANG_WARN_STRICT_PROTOTYPES = YES;
				CLANG_WARN_SUSPICIOUS_MOVE = YES;
				CLANG_WARN_UNREACHABLE_CODE = YES;
				CLANG_WARN__DUPLICATE_METHOD_MATCH = YES;
				"CODE_SIGN_IDENTITY[sdk=iphoneos*]" = "iPhone Developer";
				COPY_PHASE_STRIP = NO;
				DEBUG_INFORMATION_FORMAT = "dwarf-with-dsym";
				ENABLE_NS_ASSERTIONS = NO;
				ENABLE_STRICT_OBJC_MSGSEND = YES;
				GCC_C_LANGUAGE_STANDARD = gnu99;
				GCC_NO_COMMON_BLOCKS = YES;
				GCC_WARN_64_TO_32_BIT_CONVERSION = YES;
				GCC_WARN_ABOUT_RETURN_TYPE = YES_ERROR;
				GCC_WARN_UNDECLARED_SELECTOR = YES;
				GCC_WARN_UNINITIALIZED_AUTOS = YES_AGGRESSIVE;
				GCC_WARN_UNUSED_FUNCTION = YES;
				GCC_WARN_UNUSED_VARIABLE = YES;
				IPHONEOS_DEPLOYMENT_TARGET = 9.1;
				MTL_ENABLE_DEBUG_INFO = NO;
				SDKROOT = iphoneos;
				SWIFT_OPTIMIZATION_LEVEL = "-Owholemodule";
				SWIFT_SWIFT3_OBJC_INFERENCE = Default;
				SWIFT_VERSION = 5.0;
				TARGETED_DEVICE_FAMILY = "1,2";
				VALIDATE_PRODUCT = YES;
			};
			name = Release;
		};
		4940B31B1C04BF3C000524A0 /* Debug */ = {
			isa = XCBuildConfiguration;
			buildSettings = {
				ASSETCATALOG_COMPILER_APPICON_NAME = AppIcon;
				CLANG_ENABLE_MODULES = YES;
				DEVELOPMENT_TEAM = 2Z7R9FQBNN;
				INFOPLIST_FILE = LinkLabelDemo/Info.plist;
				IPHONEOS_DEPLOYMENT_TARGET = 8.0;
				LD_RUNPATH_SEARCH_PATHS = "$(inherited) @executable_path/Frameworks";
				PRODUCT_BUNDLE_IDENTIFIER = ProjectDent.LinkLabelDemo;
				PRODUCT_NAME = "$(TARGET_NAME)";
				SWIFT_INSTALL_OBJC_HEADER = NO;
				SWIFT_OBJC_BRIDGING_HEADER = "";
				SWIFT_OPTIMIZATION_LEVEL = "-Onone";
				SWIFT_SWIFT3_OBJC_INFERENCE = Default;
			};
			name = Debug;
		};
		4940B31C1C04BF3C000524A0 /* Release */ = {
			isa = XCBuildConfiguration;
			buildSettings = {
				ASSETCATALOG_COMPILER_APPICON_NAME = AppIcon;
				CLANG_ENABLE_MODULES = YES;
				DEVELOPMENT_TEAM = 2Z7R9FQBNN;
				INFOPLIST_FILE = LinkLabelDemo/Info.plist;
				IPHONEOS_DEPLOYMENT_TARGET = 8.0;
				LD_RUNPATH_SEARCH_PATHS = "$(inherited) @executable_path/Frameworks";
				PRODUCT_BUNDLE_IDENTIFIER = ProjectDent.LinkLabelDemo;
				PRODUCT_NAME = "$(TARGET_NAME)";
				SWIFT_INSTALL_OBJC_HEADER = NO;
				SWIFT_OBJC_BRIDGING_HEADER = "";
				SWIFT_SWIFT3_OBJC_INFERENCE = Default;
			};
			name = Release;
		};
/* End XCBuildConfiguration section */

/* Begin XCConfigurationList section */
		4940B3031C04BF3C000524A0 /* Build configuration list for PBXProject "LinkLabelDemo" */ = {
			isa = XCConfigurationList;
			buildConfigurations = (
				4940B3181C04BF3C000524A0 /* Debug */,
				4940B3191C04BF3C000524A0 /* Release */,
			);
			defaultConfigurationIsVisible = 0;
			defaultConfigurationName = Release;
		};
		4940B31A1C04BF3C000524A0 /* Build configuration list for PBXNativeTarget "LinkLabelDemo" */ = {
			isa = XCConfigurationList;
			buildConfigurations = (
				4940B31B1C04BF3C000524A0 /* Debug */,
				4940B31C1C04BF3C000524A0 /* Release */,
			);
			defaultConfigurationIsVisible = 0;
			defaultConfigurationName = Release;
		};
/* End XCConfigurationList section */
	};
	rootObject = 4940B3001C04BF3C000524A0 /* Project object */;
}
